// !$*UTF8*$!
{
	archiveVersion = 1;
	classes = {
	};
	objectVersion = 55;
	objects = {

/* Begin PBXBuildFile section */
		93848D4328FFC99500237D4A /* AppDelegate.swift in Sources */ = {isa = PBXBuildFile; fileRef = 93848D4228FFC99500237D4A /* AppDelegate.swift */; };
		93848D4528FFC99500237D4A /* SceneDelegate.swift in Sources */ = {isa = PBXBuildFile; fileRef = 93848D4428FFC99500237D4A /* SceneDelegate.swift */; };
		93848D4728FFC99500237D4A /* ViewController.swift in Sources */ = {isa = PBXBuildFile; fileRef = 93848D4628FFC99500237D4A /* ViewController.swift */; };
		93848D4A28FFC99500237D4A /* Main.storyboard in Resources */ = {isa = PBXBuildFile; fileRef = 93848D4828FFC99500237D4A /* Main.storyboard */; };
		93848D4C28FFC99600237D4A /* Assets.xcassets in Resources */ = {isa = PBXBuildFile; fileRef = 93848D4B28FFC99600237D4A /* Assets.xcassets */; };
		93848D4F28FFC99600237D4A /* LaunchScreen.storyboard in Resources */ = {isa = PBXBuildFile; fileRef = 93848D4D28FFC99600237D4A /* LaunchScreen.storyboard */; };
		93848D5728FFCA5C00237D4A /* IPAManager.swift in Sources */ = {isa = PBXBuildFile; fileRef = 93848D5628FFCA5C00237D4A /* IPAManager.swift */; };
		93B6AA3628FFFD6900264FE8 /* StoreKit.framework in Frameworks */ = {isa = PBXBuildFile; fileRef = 93B6AA3528FFFD6900264FE8 /* StoreKit.framework */; };
		93B6AA38290002FD00264FE8 /* Payment_Check.swift in Sources */ = {isa = PBXBuildFile; fileRef = 93B6AA37290002FD00264FE8 /* Payment_Check.swift */; };
/* End PBXBuildFile section */

/* Begin PBXFileReference section */
		93848D3F28FFC99500237D4A /* consumable_App_Purchase.app */ = {isa = PBXFileReference; explicitFileType = wrapper.application; includeInIndex = 0; path = consumable_App_Purchase.app; sourceTree = BUILT_PRODUCTS_DIR; };
		93848D4228FFC99500237D4A /* AppDelegate.swift */ = {isa = PBXFileReference; lastKnownFileType = sourcecode.swift; path = AppDelegate.swift; sourceTree = "<group>"; };
		93848D4428FFC99500237D4A /* SceneDelegate.swift */ = {isa = PBXFileReference; lastKnownFileType = sourcecode.swift; path = SceneDelegate.swift; sourceTree = "<group>"; };
		93848D4628FFC99500237D4A /* ViewController.swift */ = {isa = PBXFileReference; lastKnownFileType = sourcecode.swift; path = ViewController.swift; sourceTree = "<group>"; };
		93848D4928FFC99500237D4A /* Base */ = {isa = PBXFileReference; lastKnownFileType = file.storyboard; name = Base; path = Base.lproj/Main.storyboard; sourceTree = "<group>"; };
		93848D4B28FFC99600237D4A /* Assets.xcassets */ = {isa = PBXFileReference; lastKnownFileType = folder.assetcatalog; path = Assets.xcassets; sourceTree = "<group>"; };
		93848D4E28FFC99600237D4A /* Base */ = {isa = PBXFileReference; lastKnownFileType = file.storyboard; name = Base; path = Base.lproj/LaunchScreen.storyboard; sourceTree = "<group>"; };
		93848D5028FFC99600237D4A /* Info.plist */ = {isa = PBXFileReference; lastKnownFileType = text.plist.xml; path = Info.plist; sourceTree = "<group>"; };
		93848D5628FFCA5C00237D4A /* IPAManager.swift */ = {isa = PBXFileReference; lastKnownFileType = sourcecode.swift; path = IPAManager.swift; sourceTree = "<group>"; };
		93848D5828FFD88B00237D4A /* Configuration.storekit */ = {isa = PBXFileReference; lastKnownFileType = text; path = Configuration.storekit; sourceTree = "<group>"; };
		93B6AA3528FFFD6900264FE8 /* StoreKit.framework */ = {isa = PBXFileReference; lastKnownFileType = wrapper.framework; name = StoreKit.framework; path = System/Library/Frameworks/StoreKit.framework; sourceTree = SDKROOT; };
		93B6AA37290002FD00264FE8 /* Payment_Check.swift */ = {isa = PBXFileReference; lastKnownFileType = sourcecode.swift; path = Payment_Check.swift; sourceTree = "<group>"; };
/* End PBXFileReference section */

/* Begin PBXFrameworksBuildPhase section */
		93848D3C28FFC99500237D4A /* Frameworks */ = {
			isa = PBXFrameworksBuildPhase;
			buildActionMask = 2147483647;
			files = (
				93B6AA3628FFFD6900264FE8 /* StoreKit.framework in Frameworks */,
			);
			runOnlyForDeploymentPostprocessing = 0;
		};
/* End PBXFrameworksBuildPhase section */

/* Begin PBXGroup section */
		93848D3628FFC99500237D4A = {
			isa = PBXGroup;
			children = (
				93848D4128FFC99500237D4A /* consumable_App_Purchase */,
				93848D4028FFC99500237D4A /* Products */,
				93B6AA3428FFFD6900264FE8 /* Frameworks */,
			);
			sourceTree = "<group>";
		};
		93848D4028FFC99500237D4A /* Products */ = {
			isa = PBXGroup;
			children = (
				93848D3F28FFC99500237D4A /* consumable_App_Purchase.app */,
			);
			name = Products;
			sourceTree = "<group>";
		};
		93848D4128FFC99500237D4A /* consumable_App_Purchase */ = {
			isa = PBXGroup;
			children = (
				93848D4228FFC99500237D4A /* AppDelegate.swift */,
				93848D4428FFC99500237D4A /* SceneDelegate.swift */,
				93848D4628FFC99500237D4A /* ViewController.swift */,
				93848D5628FFCA5C00237D4A /* IPAManager.swift */,
				93848D4828FFC99500237D4A /* Main.storyboard */,
				93848D4B28FFC99600237D4A /* Assets.xcassets */,
				93848D4D28FFC99600237D4A /* LaunchScreen.storyboard */,
				93848D5028FFC99600237D4A /* Info.plist */,
				93848D5828FFD88B00237D4A /* Configuration.storekit */,
				93B6AA37290002FD00264FE8 /* Payment_Check.swift */,
			);
			path = consumable_App_Purchase;
			sourceTree = "<group>";
		};
		93B6AA3428FFFD6900264FE8 /* Frameworks */ = {
			isa = PBXGroup;
			children = (
				93B6AA3528FFFD6900264FE8 /* StoreKit.framework */,
			);
			name = Frameworks;
			sourceTree = "<group>";
		};
/* End PBXGroup section */

/* Begin PBXNativeTarget section */
		93848D3E28FFC99500237D4A /* consumable_App_Purchase */ = {
			isa = PBXNativeTarget;
			buildConfigurationList = 93848D5328FFC99600237D4A /* Build configuration list for PBXNativeTarget "consumable_App_Purchase" */;
			buildPhases = (
				93848D3B28FFC99500237D4A /* Sources */,
				93848D3C28FFC99500237D4A /* Frameworks */,
				93848D3D28FFC99500237D4A /* Resources */,
			);
			buildRules = (
			);
			dependencies = (
			);
			name = consumable_App_Purchase;
			productName = consumable_App_Purchase;
			productReference = 93848D3F28FFC99500237D4A /* consumable_App_Purchase.app */;
			productType = "com.apple.product-type.application";
		};
/* End PBXNativeTarget section */

/* Begin PBXProject section */
		93848D3728FFC99500237D4A /* Project object */ = {
			isa = PBXProject;
			attributes = {
				BuildIndependentTargetsInParallel = 1;
				LastSwiftUpdateCheck = 1320;
				LastUpgradeCheck = 1320;
				TargetAttributes = {
					93848D3E28FFC99500237D4A = {
						CreatedOnToolsVersion = 13.2.1;
					};
				};
			};
			buildConfigurationList = 93848D3A28FFC99500237D4A /* Build configuration list for PBXProject "consumable_App_Purchase" */;
			compatibilityVersion = "Xcode 13.0";
			developmentRegion = en;
			hasScannedForEncodings = 0;
			knownRegions = (
				en,
				Base,
			);
			mainGroup = 93848D3628FFC99500237D4A;
			productRefGroup = 93848D4028FFC99500237D4A /* Products */;
			projectDirPath = "";
			projectRoot = "";
			targets = (
				93848D3E28FFC99500237D4A /* consumable_App_Purchase */,
			);
		};
/* End PBXProject section */

/* Begin PBXResourcesBuildPhase section */
		93848D3D28FFC99500237D4A /* Resources */ = {
			isa = PBXResourcesBuildPhase;
			buildActionMask = 2147483647;
			files = (
				93848D4F28FFC99600237D4A /* LaunchScreen.storyboard in Resources */,
				93848D4C28FFC99600237D4A /* Assets.xcassets in Resources */,
				93848D4A28FFC99500237D4A /* Main.storyboard in Resources */,
			);
			runOnlyForDeploymentPostprocessing = 0;
		};
/* End PBXResourcesBuildPhase section */

/* Begin PBXSourcesBuildPhase section */
		93848D3B28FFC99500237D4A /* Sources */ = {
			isa = PBXSourcesBuildPhase;
			buildActionMask = 2147483647;
			files = (
				93848D5728FFCA5C00237D4A /* IPAManager.swift in Sources */,
				93B6AA38290002FD00264FE8 /* Payment_Check.swift in Sources */,
				93848D4728FFC99500237D4A /* ViewController.swift in Sources */,
				93848D4328FFC99500237D4A /* AppDelegate.swift in Sources */,
				93848D4528FFC99500237D4A /* SceneDelegate.swift in Sources */,
			);
			runOnlyForDeploymentPostprocessing = 0;
		};
/* End PBXSourcesBuildPhase section */

/* Begin PBXVariantGroup section */
		93848D4828FFC99500237D4A /* Main.storyboard */ = {
			isa = PBXVariantGroup;
			children = (
				93848D4928FFC99500237D4A /* Base */,
			);
			name = Main.storyboard;
			sourceTree = "<group>";
		};
		93848D4D28FFC99600237D4A /* LaunchScreen.storyboard */ = {
			isa = PBXVariantGroup;
			children = (
				93848D4E28FFC99600237D4A /* Base */,
			);
			name = LaunchScreen.storyboard;
			sourceTree = "<group>";
		};
/* End PBXVariantGroup section */

/* Begin XCBuildConfiguration section */
		93848D5128FFC99600237D4A /* Debug */ = {
			isa = XCBuildConfiguration;
			buildSettings = {
				ALWAYS_SEARCH_USER_PATHS = NO;
				CLANG_ANALYZER_NONNULL = YES;
				CLANG_ANALYZER_NUMBER_OBJECT_CONVERSION = YES_AGGRESSIVE;
				CLANG_CXX_LANGUAGE_STANDARD = "gnu++17";
				CLANG_CXX_LIBRARY = "libc++";
				CLANG_ENABLE_MODULES = YES;
				CLANG_ENABLE_OBJC_ARC = YES;
				CLANG_ENABLE_OBJC_WEAK = YES;
				CLANG_WARN_BLOCK_CAPTURE_AUTORELEASING = YES;
				CLANG_WARN_BOOL_CONVERSION = YES;
				CLANG_WARN_COMMA = YES;
				CLANG_WARN_CONSTANT_CONVERSION = YES;
				CLANG_WARN_DEPRECATED_OBJC_IMPLEMENTATIONS = YES;
				CLANG_WARN_DIRECT_OBJC_ISA_USAGE = YES_ERROR;
				CLANG_WARN_DOCUMENTATION_COMMENTS = YES;
				CLANG_WARN_EMPTY_BODY = YES;
				CLANG_WARN_ENUM_CONVERSION = YES;
				CLANG_WARN_INFINITE_RECURSION = YES;
				CLANG_WARN_INT_CONVERSION = YES;
				CLANG_WARN_NON_LITERAL_NULL_CONVERSION = YES;
				CLANG_WARN_OBJC_IMPLICIT_RETAIN_SELF = YES;
				CLANG_WARN_OBJC_LITERAL_CONVERSION = YES;
				CLANG_WARN_OBJC_ROOT_CLASS = YES_ERROR;
				CLANG_WARN_QUOTED_INCLUDE_IN_FRAMEWORK_HEADER = YES;
				CLANG_WARN_RANGE_LOOP_ANALYSIS = YES;
				CLANG_WARN_STRICT_PROTOTYPES = YES;
				CLANG_WARN_SUSPICIOUS_MOVE = YES;
				CLANG_WARN_UNGUARDED_AVAILABILITY = YES_AGGRESSIVE;
				CLANG_WARN_UNREACHABLE_CODE = YES;
				CLANG_WARN__DUPLICATE_METHOD_MATCH = YES;
				COPY_PHASE_STRIP = NO;
				DEBUG_INFORMATION_FORMAT = dwarf;
				ENABLE_STRICT_OBJC_MSGSEND = YES;
				ENABLE_TESTABILITY = YES;
				GCC_C_LANGUAGE_STANDARD = gnu11;
				GCC_DYNAMIC_NO_PIC = NO;
				GCC_NO_COMMON_BLOCKS = YES;
				GCC_OPTIMIZATION_LEVEL = 0;
				GCC_PREPROCESSOR_DEFINITIONS = (
					"DEBUG=1",
					"$(inherited)",
				);
				GCC_WARN_64_TO_32_BIT_CONVERSION = YES;
				GCC_WARN_ABOUT_RETURN_TYPE = YES_ERROR;
				GCC_WARN_UNDECLARED_SELECTOR = YES;
				GCC_WARN_UNINITIALIZED_AUTOS = YES_AGGRESSIVE;
				GCC_WARN_UNUSED_FUNCTION = YES;
				GCC_WARN_UNUSED_VARIABLE = YES;
				IPHONEOS_DEPLOYMENT_TARGET = 15.2;
				MTL_ENABLE_DEBUG_INFO = INCLUDE_SOURCE;
				MTL_FAST_MATH = YES;
				ONLY_ACTIVE_ARCH = YES;
				SDKROOT = iphoneos;
				SWIFT_ACTIVE_COMPILATION_CONDITIONS = DEBUG;
				SWIFT_OPTIMIZATION_LEVEL = "-Onone";
			};
			name = Debug;
		};
		93848D5228FFC99600237D4A /* Release */ = {
			isa = XCBuildConfiguration;
			buildSettings = {
				ALWAYS_SEARCH_USER_PATHS = NO;
				CLANG_ANALYZER_NONNULL = YES;
				CLANG_ANALYZER_NUMBER_OBJECT_CONVERSION = YES_AGGRESSIVE;
				CLANG_CXX_LANGUAGE_STANDARD = "gnu++17";
				CLANG_CXX_LIBRARY = "libc++";
				CLANG_ENABLE_MODULES = YES;
				CLANG_ENABLE_OBJC_ARC = YES;
				CLANG_ENABLE_OBJC_WEAK = YES;
				CLANG_WARN_BLOCK_CAPTURE_AUTORELEASING = YES;
				CLANG_WARN_BOOL_CONVERSION = YES;
				CLANG_WARN_COMMA = YES;
				CLANG_WARN_CONSTANT_CONVERSION = YES;
				CLANG_WARN_DEPRECATED_OBJC_IMPLEMENTATIONS = YES;
				CLANG_WARN_DIRECT_OBJC_ISA_USAGE = YES_ERROR;
				CLANG_WARN_DOCUMENTATION_COMMENTS = YES;
				CLANG_WARN_EMPTY_BODY = YES;
				CLANG_WARN_ENUM_CONVERSION = YES;
				CLANG_WARN_INFINITE_RECURSION = YES;
				CLANG_WARN_INT_CONVERSION = YES;
				CLANG_WARN_NON_LITERAL_NULL_CONVERSION = YES;
				CLANG_WARN_OBJC_IMPLICIT_RETAIN_SELF = YES;
				CLANG_WARN_OBJC_LITERAL_CONVERSION = YES;
				CLANG_WARN_OBJC_ROOT_CLASS = YES_ERROR;
				CLANG_WARN_QUOTED_INCLUDE_IN_FRAMEWORK_HEADER = YES;
				CLANG_WARN_RANGE_LOOP_ANALYSIS = YES;
				CLANG_WARN_STRICT_PROTOTYPES = YES;
				CLANG_WARN_SUSPICIOUS_MOVE = YES;
				CLANG_WARN_UNGUARDED_AVAILABILITY = YES_AGGRESSIVE;
				CLANG_WARN_UNREACHABLE_CODE = YES;
				CLANG_WARN__DUPLICATE_METHOD_MATCH = YES;
				COPY_PHASE_STRIP = NO;
				DEBUG_INFORMATION_FORMAT = "dwarf-with-dsym";
				ENABLE_NS_ASSERTIONS = NO;
				ENABLE_STRICT_OBJC_MSGSEND = YES;
				GCC_C_LANGUAGE_STANDARD = gnu11;
				GCC_NO_COMMON_BLOCKS = YES;
				GCC_WARN_64_TO_32_BIT_CONVERSION = YES;
				GCC_WARN_ABOUT_RETURN_TYPE = YES_ERROR;
				GCC_WARN_UNDECLARED_SELECTOR = YES;
				GCC_WARN_UNINITIALIZED_AUTOS = YES_AGGRESSIVE;
				GCC_WARN_UNUSED_FUNCTION = YES;
				GCC_WARN_UNUSED_VARIABLE = YES;
				IPHONEOS_DEPLOYMENT_TARGET = 15.2;
				MTL_ENABLE_DEBUG_INFO = NO;
				MTL_FAST_MATH = YES;
				SDKROOT = iphoneos;
				SWIFT_COMPILATION_MODE = wholemodule;
				SWIFT_OPTIMIZATION_LEVEL = "-O";
				VALIDATE_PRODUCT = YES;
			};
			name = Release;
		};
		93848D5428FFC99600237D4A /* Debug */ = {
			isa = XCBuildConfiguration;
			buildSettings = {
				ASSETCATALOG_COMPILER_APPICON_NAME = AppIcon;
				ASSETCATALOG_COMPILER_GLOBAL_ACCENT_COLOR_NAME = AccentColor;
				CODE_SIGN_STYLE = Automatic;
				CURRENT_PROJECT_VERSION = 1;
				DEVELOPMENT_TEAM = M36758779V;
				GENERATE_INFOPLIST_FILE = YES;
				INFOPLIST_FILE = consumable_App_Purchase/Info.plist;
				INFOPLIST_KEY_UIApplicationSupportsIndirectInputEvents = YES;
				INFOPLIST_KEY_UILaunchStoryboardName = LaunchScreen;
				INFOPLIST_KEY_UIMainStoryboardFile = Main;
				INFOPLIST_KEY_UISupportedInterfaceOrientations_iPad = "UIInterfaceOrientationPortrait UIInterfaceOrientationPortraitUpsideDown UIInterfaceOrientationLandscapeLeft UIInterfaceOrientationLandscapeRight";
				INFOPLIST_KEY_UISupportedInterfaceOrientations_iPhone = "UIInterfaceOrientationPortrait UIInterfaceOrientationLandscapeLeft UIInterfaceOrientationLandscapeRight";
				LD_RUNPATH_SEARCH_PATHS = (
					"$(inherited)",
					"@executable_path/Frameworks",
				);
				MARKETING_VERSION = 1.0;
				PRODUCT_BUNDLE_IDENTIFIER = "com.itpathsolution.consumable-App-Purchase";
				PRODUCT_NAME = "$(TARGET_NAME)";
				SWIFT_EMIT_LOC_STRINGS = YES;
				SWIFT_VERSION = 5.0;
				TARGETED_DEVICE_FAMILY = "1,2";
			};
			name = Debug;
		};
		93848D5528FFC99600237D4A /* Release */ = {
			isa = XCBuildConfiguration;
			buildSettings = {
				ASSETCATALOG_COMPILER_APPICON_NAME = AppIcon;
				ASSETCATALOG_COMPILER_GLOBAL_ACCENT_COLOR_NAME = AccentColor;
				CODE_SIGN_STYLE = Automatic;
				CURRENT_PROJECT_VERSION = 1;
				DEVELOPMENT_TEAM = M36758779V;
				GENERATE_INFOPLIST_FILE = YES;
				INFOPLIST_FILE = consumable_App_Purchase/Info.plist;
				INFOPLIST_KEY_UIApplicationSupportsIndirectInputEvents = YES;
				INFOPLIST_KEY_UILaunchStoryboardName = LaunchScreen;
				INFOPLIST_KEY_UIMainStoryboardFile = Main;
				INFOPLIST_KEY_UISupportedInterfaceOrientations_iPad = "UIInterfaceOrientationPortrait UIInterfaceOrientationPortraitUpsideDown UIInterfaceOrientationLandscapeLeft UIInterfaceOrientationLandscapeRight";
				INFOPLIST_KEY_UISupportedInterfaceOrientations_iPhone = "UIInterfaceOrientationPortrait UIInterfaceOrientationLandscapeLeft UIInterfaceOrientationLandscapeRight";
				LD_RUNPATH_SEARCH_PATHS = (
					"$(inherited)",
					"@executable_path/Frameworks",
				);
				MARKETING_VERSION = 1.0;
				PRODUCT_BUNDLE_IDENTIFIER = "com.itpathsolution.consumable-App-Purchase";
				PRODUCT_NAME = "$(TARGET_NAME)";
				SWIFT_EMIT_LOC_STRINGS = YES;
				SWIFT_VERSION = 5.0;
				TARGETED_DEVICE_FAMILY = "1,2";
			};
			name = Release;
		};
/* End XCBuildConfiguration section */

/* Begin XCConfigurationList section */
		93848D3A28FFC99500237D4A /* Build configuration list for PBXProject "consumable_App_Purchase" */ = {
			isa = XCConfigurationList;
			buildConfigurations = (
				93848D5128FFC99600237D4A /* Debug */,
				93848D5228FFC99600237D4A /* Release */,
			);
			defaultConfigurationIsVisible = 0;
			defaultConfigurationName = Release;
		};
		93848D5328FFC99600237D4A /* Build configuration list for PBXNativeTarget "consumable_App_Purchase" */ = {
			isa = XCConfigurationList;
			buildConfigurations = (
				93848D5428FFC99600237D4A /* Debug */,
				93848D5528FFC99600237D4A /* Release */,
			);
			defaultConfigurationIsVisible = 0;
			defaultConfigurationName = Release;
		};
/* End XCConfigurationList section */
	};
	rootObject = 93848D3728FFC99500237D4A /* Project object */;
}
